
Microsoft Visual Studio Solution File, Format Version 11.00
# Visual C++ Express 2010
Project("{8BC9CEB8-8B4A-11D0-8D11-00A0C91BC942}") = "GetWindowsVersionInfo", "GearsOfCyberWar.vcxproj", "{A11FB0A8-A953-4B18-BC1B-93DD504A6C7D}"
EndProject
Project("{8BC9CEB8-8B4A-11D0-8D11-00A0C91BC942}") = "XorCrypt", "..\XorCrypt\XorCrypt.vcxproj", "{C6A91A93-7D66-4CDB-BC82-F9143FDBB796}"
EndProject
Global
	GlobalSection(SolutionConfigurationPlatforms) = preSolution
		Debug|Win32 = Debug|Win32
		Release|Win32 = Release|Win32
	EndGlobalSection
	GlobalSection(ProjectConfigurationPlatforms) = postSolution
		{A11FB0A8-A953-4B18-BC1B-93DD504A6C7D}.Debug|Win32.ActiveCfg = Debug|Win32
		{A11FB0A8-A953-4B18-BC1B-93DD504A6C7D}.Debug|Win32.Build.0 = Debug|Win32
		{A11FB0A8-A953-4B18-BC1B-93DD504A6C7D}.Release|Win32.ActiveCfg = Release|Win32
		{A11FB0A8-A953-4B18-BC1B-93DD504A6C7D}.Release|Win32.Build.0 = Release|Win32
		{C6A91A93-7D66-4CDB-BC82-F9143FDBB796}.Debug|Win32.ActiveCfg = Debug|Win32
		{C6A91A93-7D66-4CDB-BC82-F9143FDBB796}.Debug|Win32.Build.0 = Debug|Win32
		{C6A91A93-7D66-4CDB-BC82-F9143FDBB796}.Release|Win32.ActiveCfg = Release|Win32
		{C6A91A93-7D66-4CDB-BC82-F9143FDBB796}.Release|Win32.Build.0 = Release|Win32
	EndGlobalSection
	GlobalSection(SolutionProperties) = preSolution
		HideSolutionNode = FALSE
	EndGlobalSection
EndGlobal
